
Microsoft Visual Studio Solution File, Format Version 12.00
# Visual Studio Version 17
VisualStudioVersion = 17.9.34607.119
MinimumVisualStudioVersion = 10.0.40219.1
Project("{FAE04EC0-301F-11D3-BF4B-00C04F79EFBC}") = "stackoverflow", "stackoverflow.csproj", "{E811E2CE-E1CF-49F1-B350-8352C44CEFDA}"
EndProject
Global
	GlobalSection(SolutionConfigurationPlatforms) = preSolution
		Debug|Any CPU = Debug|Any CPU
		Release|Any CPU = Release|Any CPU
	EndGlobalSection
	GlobalSection(ProjectConfigurationPlatforms) = postSolution
		{E811E2CE-E1CF-49F1-B350-8352C44CEFDA}.Debug|Any CPU.ActiveCfg = Debug|Any CPU
		{E811E2CE-E1CF-49F1-B350-8352C44CEFDA}.Debug|Any CPU.Build.0 = Debug|Any CPU
		{E811E2CE-E1CF-49F1-B350-8352C44CEFDA}.Release|Any CPU.ActiveCfg = Release|Any CPU
		{E811E2CE-E1CF-49F1-B350-8352C44CEFDA}.Release|Any CPU.Build.0 = Release|Any CPU
	EndGlobalSection
	GlobalSection(SolutionProperties) = preSolution
		HideSolutionNode = FALSE
	EndGlobalSection
	GlobalSection(ExtensibilityGlobals) = postSolution
		SolutionGuid = {832FBC8C-DD42-4735-AE9D-07AE7B081CF0}
	EndGlobalSection
EndGlobal
